
Microsoft Visual Studio Solution File, Format Version 11.00
# Visual Studio 2010
Project("{FAE04EC0-301F-11D3-BF4B-00C04F79EFBC}") = "UnityEngine.UI", "UnityEngine.UI.csproj", "{19B61BE7-30C8-96DE-B5A9-AA43E1F7AA40}"
EndProject
Project("{FAE04EC0-301F-11D3-BF4B-00C04F79EFBC}") = "UnityEngine.TestRunner", "UnityEngine.TestRunner.csproj", "{6462DD21-6043-6289-5AF4-546C69A1CACC}"
EndProject
Project("{FAE04EC0-301F-11D3-BF4B-00C04F79EFBC}") = "Unity.Mathematics", "Unity.Mathematics.csproj", "{86BA80A8-25EF-3004-692F-2149D6136F71}"
EndProject
Project("{FAE04EC0-301F-11D3-BF4B-00C04F79EFBC}") = "Unity.2D.Animation.Triangle.Runtime", "Unity.2D.Animation.Triangle.Runtime.csproj", "{F3FBE324-4F94-E048-9463-9BFD0A5D1892}"
EndProject
Project("{FAE04EC0-301F-11D3-BF4B-00C04F79EFBC}") = "Unity.Timeline", "Unity.Timeline.csproj", "{13ED6842-5213-730B-24E2-020D2531C9FC}"
EndProject
Project("{FAE04EC0-301F-11D3-BF4B-00C04F79EFBC}") = "Assembly-CSharp", "Assembly-CSharp.csproj", "{98EBF142-423D-B2B4-62F7-AE76FC3A8439}"
EndProject
Project("{FAE04EC0-301F-11D3-BF4B-00C04F79EFBC}") = "Unity.TextMeshPro", "Unity.TextMeshPro.csproj", "{C3365F7D-A3DB-0ED8-974B-D2D60957AD31}"
EndProject
Project("{FAE04EC0-301F-11D3-BF4B-00C04F79EFBC}") = "Unity.2D.Animation.Runtime", "Unity.2D.Animation.Runtime.csproj", "{14BEBF80-21FB-0321-3038-D86F85761D6A}"
EndProject
Project("{FAE04EC0-301F-11D3-BF4B-00C04F79EFBC}") = "Unity.2D.IK.Runtime", "Unity.2D.IK.Runtime.csproj", "{FF57CE12-137A-5B3D-B449-752273D93A94}"
EndProject
Project("{FAE04EC0-301F-11D3-BF4B-00C04F79EFBC}") = "Unity.2D.SpriteShape.Runtime", "Unity.2D.SpriteShape.Runtime.csproj", "{D54BFC55-2995-81E5-3350-E8CDD5EE89B3}"
EndProject
Project("{FAE04EC0-301F-11D3-BF4B-00C04F79EFBC}") = "Unity.2D.PixelPerfect", "Unity.2D.PixelPerfect.csproj", "{3B39DB31-E009-73F1-A5B3-52D0354A1664}"
EndProject
Project("{FAE04EC0-301F-11D3-BF4B-00C04F79EFBC}") = "Unity.2D.Common.Runtime", "Unity.2D.Common.Runtime.csproj", "{8DAF048E-86C1-8099-60C1-3F077B6936FB}"
EndProject
Project("{FAE04EC0-301F-11D3-BF4B-00C04F79EFBC}") = "Unity.InternalAPIEngineBridge.001", "Unity.InternalAPIEngineBridge.001.csproj", "{7BBD4761-24D2-3C1C-91D1-5A056474854A}"
EndProject
Project("{FAE04EC0-301F-11D3-BF4B-00C04F79EFBC}") = "UnityEditor.TestRunner", "UnityEditor.TestRunner.csproj", "{35E3EE6A-111D-FFF3-1F10-35B7629A7121}"
EndProject
Project("{FAE04EC0-301F-11D3-BF4B-00C04F79EFBC}") = "Unity.PlasticSCM.Editor", "Unity.PlasticSCM.Editor.csproj", "{C98327DA-F303-D33F-EA92-A405095478CB}"
EndProject
Project("{FAE04EC0-301F-11D3-BF4B-00C04F79EFBC}") = "UnityEditor.UI", "UnityEditor.UI.csproj", "{EC00EC56-B6C5-5D03-CA9E-238C957A1F98}"
EndProject
Project("{FAE04EC0-301F-11D3-BF4B-00C04F79EFBC}") = "Unity.Services.Core.Editor", "Unity.Services.Core.Editor.csproj", "{B227DAA7-9B62-BF36-27EC-A625D358F344}"
EndProject
Project("{FAE04EC0-301F-11D3-BF4B-00C04F79EFBC}") = "Unity.Timeline.Editor", "Unity.Timeline.Editor.csproj", "{6C60EA69-F766-1101-5B06-026158206823}"
EndProject
Project("{FAE04EC0-301F-11D3-BF4B-00C04F79EFBC}") = "Unity.VisualStudio.Editor", "Unity.VisualStudio.Editor.csproj", "{82BD13C8-E6D8-351A-050D-7EB4F7A90A6E}"
EndProject
Project("{FAE04EC0-301F-11D3-BF4B-00C04F79EFBC}") = "Unity.2D.Psdimporter.Editor", "Unity.2D.Psdimporter.Editor.csproj", "{C3BEC74B-3410-68B3-49A2-994FD5E62B0B}"
EndProject
Project("{FAE04EC0-301F-11D3-BF4B-00C04F79EFBC}") = "Unity.2D.Animation.Editor", "Unity.2D.Animation.Editor.csproj", "{834607B3-FA6C-4376-D117-ABB0E6E541B6}"
EndProject
Project("{FAE04EC0-301F-11D3-BF4B-00C04F79EFBC}") = "Unity.TextMeshPro.Editor", "Unity.TextMeshPro.Editor.csproj", "{F3517FBA-49F6-5236-F0FA-269F69E3D317}"
EndProject
Project("{FAE04EC0-301F-11D3-BF4B-00C04F79EFBC}") = "Unity.2D.SpriteShape.Editor", "Unity.2D.SpriteShape.Editor.csproj", "{352780E9-A38D-71E7-015C-78B37F73D0C5}"
EndProject
Project("{FAE04EC0-301F-11D3-BF4B-00C04F79EFBC}") = "Unity.CollabProxy.Editor", "Unity.CollabProxy.Editor.csproj", "{45272ED1-7A85-4600-525F-568585F87FA3}"
EndProject
Project("{FAE04EC0-301F-11D3-BF4B-00C04F79EFBC}") = "PsdPlugin", "PsdPlugin.csproj", "{110710CA-210F-B9FA-5937-79A8AB8F73AB}"
EndProject
Project("{FAE04EC0-301F-11D3-BF4B-00C04F79EFBC}") = "Unity.2D.Path.Editor", "Unity.2D.Path.Editor.csproj", "{5CCA2289-186E-BBBB-6F24-7EE7E9C3E96A}"
EndProject
Project("{FAE04EC0-301F-11D3-BF4B-00C04F79EFBC}") = "Unity.Rider.Editor", "Unity.Rider.Editor.csproj", "{075D5515-2E5E-4390-FEC1-0F586D3026CA}"
EndProject
Project("{FAE04EC0-301F-11D3-BF4B-00C04F79EFBC}") = "Unity.2D.IK.Editor", "Unity.2D.IK.Editor.csproj", "{5E4CEAB5-4716-6735-C723-27144BC0B648}"
EndProject
Project("{FAE04EC0-301F-11D3-BF4B-00C04F79EFBC}") = "Unity.2D.Sprite.Editor", "Unity.2D.Sprite.Editor.csproj", "{3525FFB9-A969-8280-7DA5-0F91BBCBAE72}"
EndProject
Project("{FAE04EC0-301F-11D3-BF4B-00C04F79EFBC}") = "Unity.2D.Tilemap.Editor", "Unity.2D.Tilemap.Editor.csproj", "{D58EE782-68F0-1B19-FE3D-5C04729E3819}"
EndProject
Project("{FAE04EC0-301F-11D3-BF4B-00C04F79EFBC}") = "Unity.2D.PixelPerfect.Editor", "Unity.2D.PixelPerfect.Editor.csproj", "{D9EFEE51-35C1-7C8B-12E6-B46C270C2C24}"
EndProject
Project("{FAE04EC0-301F-11D3-BF4B-00C04F79EFBC}") = "Unity.VSCode.Editor", "Unity.VSCode.Editor.csproj", "{C9870C12-558A-5857-8DDE-7084B4CEEF33}"
EndProject
Project("{FAE04EC0-301F-11D3-BF4B-00C04F79EFBC}") = "Unity.2D.Common.Editor", "Unity.2D.Common.Editor.csproj", "{B8626309-B67D-8DF7-AFEB-7BA3A55313EC}"
EndProject
Project("{FAE04EC0-301F-11D3-BF4B-00C04F79EFBC}") = "Unity.Mathematics.Editor", "Unity.Mathematics.Editor.csproj", "{FE911A5F-BF0A-2DC5-AB01-01B5E970394F}"
EndProject
Project("{FAE04EC0-301F-11D3-BF4B-00C04F79EFBC}") = "Unity.InternalAPIEditorBridge.001", "Unity.InternalAPIEditorBridge.001.csproj", "{EAA83A50-0A1D-5B91-B7B8-070223542726}"
EndProject
Project("{FAE04EC0-301F-11D3-BF4B-00C04F79EFBC}") = "UnityEngine.UI.Player", "UnityEngine.UI.Player.csproj", "{36AF2D7F-2A3B-67FB-FE92-AA1E44CC4BE4}"
EndProject
Project("{FAE04EC0-301F-11D3-BF4B-00C04F79EFBC}") = "UnityEngine.TestRunner.Player", "UnityEngine.TestRunner.Player.csproj", "{60D0C627-1070-5E84-841F-EC057AA41C18}"
EndProject
Project("{FAE04EC0-301F-11D3-BF4B-00C04F79EFBC}") = "Unity.Mathematics.Player", "Unity.Mathematics.Player.csproj", "{9AAB5552-D779-B5F6-43A7-E5E474266BBD}"
EndProject
Project("{FAE04EC0-301F-11D3-BF4B-00C04F79EFBC}") = "Unity.2D.Animation.Triangle.Runtime.Player", "Unity.2D.Animation.Triangle.Runtime.Player.csproj", "{46BB9926-E6BF-7DCD-AFB7-518DAC355949}"
EndProject
Project("{FAE04EC0-301F-11D3-BF4B-00C04F79EFBC}") = "Unity.Timeline.Player", "Unity.Timeline.Player.csproj", "{B75FF013-C918-D04F-5955-C18C54467E9D}"
EndProject
Project("{FAE04EC0-301F-11D3-BF4B-00C04F79EFBC}") = "Assembly-CSharp.Player", "Assembly-CSharp.Player.csproj", "{25EB5336-E936-8373-8033-58B45A489F94}"
EndProject
Project("{FAE04EC0-301F-11D3-BF4B-00C04F79EFBC}") = "Unity.TextMeshPro.Player", "Unity.TextMeshPro.Player.csproj", "{36B6F618-913D-2B9D-6EA4-06640713404F}"
EndProject
Project("{FAE04EC0-301F-11D3-BF4B-00C04F79EFBC}") = "Unity.2D.Animation.Runtime.Player", "Unity.2D.Animation.Runtime.Player.csproj", "{17EB692D-DA3E-2050-B78A-6610FEFF6A70}"
EndProject
Project("{FAE04EC0-301F-11D3-BF4B-00C04F79EFBC}") = "Unity.2D.IK.Runtime.Player", "Unity.2D.IK.Runtime.Player.csproj", "{16D5F433-BA7D-5443-0C56-04057C446960}"
EndProject
Project("{FAE04EC0-301F-11D3-BF4B-00C04F79EFBC}") = "Unity.2D.SpriteShape.Runtime.Player", "Unity.2D.SpriteShape.Runtime.Player.csproj", "{C7F28343-4941-722A-2041-BB184FB33FFE}"
EndProject
Project("{FAE04EC0-301F-11D3-BF4B-00C04F79EFBC}") = "Unity.2D.PixelPerfect.Player", "Unity.2D.PixelPerfect.Player.csproj", "{4F70FE3A-16CE-CC75-4487-46AC03280A7D}"
EndProject
Project("{FAE04EC0-301F-11D3-BF4B-00C04F79EFBC}") = "Unity.2D.Common.Runtime.Player", "Unity.2D.Common.Runtime.Player.csproj", "{2E6D8F9A-9BEC-8011-4D69-5F021D849A6F}"
EndProject
Project("{FAE04EC0-301F-11D3-BF4B-00C04F79EFBC}") = "Unity.InternalAPIEngineBridge.001.Player", "Unity.InternalAPIEngineBridge.001.Player.csproj", "{2B82CA30-AE36-0D9E-BA0B-5BA7A79D9711}"
EndProject
Global
	GlobalSection(SolutionConfigurationPlatforms) = preSolution
		Debug|Any CPU = Debug|Any CPU
		Release|Any CPU = Release|Any CPU
	EndGlobalSection
	GlobalSection(ProjectConfigurationPlatforms) = postSolution
		{19B61BE7-30C8-96DE-B5A9-AA43E1F7AA40}.Debug|Any CPU.ActiveCfg = Debug|Any CPU
		{19B61BE7-30C8-96DE-B5A9-AA43E1F7AA40}.Debug|Any CPU.Build.0 = Debug|Any CPU
		{19B61BE7-30C8-96DE-B5A9-AA43E1F7AA40}.Release|Any CPU.ActiveCfg = Release|Any CPU
		{19B61BE7-30C8-96DE-B5A9-AA43E1F7AA40}.Release|Any CPU.Build.0 = Release|Any CPU
		{6462DD21-6043-6289-5AF4-546C69A1CACC}.Debug|Any CPU.ActiveCfg = Debug|Any CPU
		{6462DD21-6043-6289-5AF4-546C69A1CACC}.Debug|Any CPU.Build.0 = Debug|Any CPU
		{6462DD21-6043-6289-5AF4-546C69A1CACC}.Release|Any CPU.ActiveCfg = Release|Any CPU
		{6462DD21-6043-6289-5AF4-546C69A1CACC}.Release|Any CPU.Build.0 = Release|Any CPU
		{86BA80A8-25EF-3004-692F-2149D6136F71}.Debug|Any CPU.ActiveCfg = Debug|Any CPU
		{86BA80A8-25EF-3004-692F-2149D6136F71}.Debug|Any CPU.Build.0 = Debug|Any CPU
		{86BA80A8-25EF-3004-692F-2149D6136F71}.Release|Any CPU.ActiveCfg = Release|Any CPU
		{86BA80A8-25EF-3004-692F-2149D6136F71}.Release|Any CPU.Build.0 = Release|Any CPU
		{F3FBE324-4F94-E048-9463-9BFD0A5D1892}.Debug|Any CPU.ActiveCfg = Debug|Any CPU
		{F3FBE324-4F94-E048-9463-9BFD0A5D1892}.Debug|Any CPU.Build.0 = Debug|Any CPU
		{F3FBE324-4F94-E048-9463-9BFD0A5D1892}.Release|Any CPU.ActiveCfg = Release|Any CPU
		{F3FBE324-4F94-E048-9463-9BFD0A5D1892}.Release|Any CPU.Build.0 = Release|Any CPU
		{13ED6842-5213-730B-24E2-020D2531C9FC}.Debug|Any CPU.ActiveCfg = Debug|Any CPU
		{13ED6842-5213-730B-24E2-020D2531C9FC}.Debug|Any CPU.Build.0 = Debug|Any CPU
		{13ED6842-5213-730B-24E2-020D2531C9FC}.Release|Any CPU.ActiveCfg = Release|Any CPU
		{13ED6842-5213-730B-24E2-020D2531C9FC}.Release|Any CPU.Build.0 = Release|Any CPU
		{98EBF142-423D-B2B4-62F7-AE76FC3A8439}.Debug|Any CPU.ActiveCfg = Debug|Any CPU
		{98EBF142-423D-B2B4-62F7-AE76FC3A8439}.Debug|Any CPU.Build.0 = Debug|Any CPU
		{98EBF142-423D-B2B4-62F7-AE76FC3A8439}.Release|Any CPU.ActiveCfg = Release|Any CPU
		{98EBF142-423D-B2B4-62F7-AE76FC3A8439}.Release|Any CPU.Build.0 = Release|Any CPU
		{C3365F7D-A3DB-0ED8-974B-D2D60957AD31}.Debug|Any CPU.ActiveCfg = Debug|Any CPU
		{C3365F7D-A3DB-0ED8-974B-D2D60957AD31}.Debug|Any CPU.Build.0 = Debug|Any CPU
		{C3365F7D-A3DB-0ED8-974B-D2D60957AD31}.Release|Any CPU.ActiveCfg = Release|Any CPU
		{C3365F7D-A3DB-0ED8-974B-D2D60957AD31}.Release|Any CPU.Build.0 = Release|Any CPU
		{14BEBF80-21FB-0321-3038-D86F85761D6A}.Debug|Any CPU.ActiveCfg = Debug|Any CPU
		{14BEBF80-21FB-0321-3038-D86F85761D6A}.Debug|Any CPU.Build.0 = Debug|Any CPU
		{14BEBF80-21FB-0321-3038-D86F85761D6A}.Release|Any CPU.ActiveCfg = Release|Any CPU
		{14BEBF80-21FB-0321-3038-D86F85761D6A}.Release|Any CPU.Build.0 = Release|Any CPU
		{FF57CE12-137A-5B3D-B449-752273D93A94}.Debug|Any CPU.ActiveCfg = Debug|Any CPU
		{FF57CE12-137A-5B3D-B449-752273D93A94}.Debug|Any CPU.Build.0 = Debug|Any CPU
		{FF57CE12-137A-5B3D-B449-752273D93A94}.Release|Any CPU.ActiveCfg = Release|Any CPU
		{FF57CE12-137A-5B3D-B449-752273D93A94}.Release|Any CPU.Build.0 = Release|Any CPU
		{D54BFC55-2995-81E5-3350-E8CDD5EE89B3}.Debug|Any CPU.ActiveCfg = Debug|Any CPU
		{D54BFC55-2995-81E5-3350-E8CDD5EE89B3}.Debug|Any CPU.Build.0 = Debug|Any CPU
		{D54BFC55-2995-81E5-3350-E8CDD5EE89B3}.Release|Any CPU.ActiveCfg = Release|Any CPU
		{D54BFC55-2995-81E5-3350-E8CDD5EE89B3}.Release|Any CPU.Build.0 = Release|Any CPU
		{3B39DB31-E009-73F1-A5B3-52D0354A1664}.Debug|Any CPU.ActiveCfg = Debug|Any CPU
		{3B39DB31-E009-73F1-A5B3-52D0354A1664}.Debug|Any CPU.Build.0 = Debug|Any CPU
		{3B39DB31-E009-73F1-A5B3-52D0354A1664}.Release|Any CPU.ActiveCfg = Release|Any CPU
		{3B39DB31-E009-73F1-A5B3-52D0354A1664}.Release|Any CPU.Build.0 = Release|Any CPU
		{8DAF048E-86C1-8099-60C1-3F077B6936FB}.Debug|Any CPU.ActiveCfg = Debug|Any CPU
		{8DAF048E-86C1-8099-60C1-3F077B6936FB}.Debug|Any CPU.Build.0 = Debug|Any CPU
		{8DAF048E-86C1-8099-60C1-3F077B6936FB}.Release|Any CPU.ActiveCfg = Release|Any CPU
		{8DAF048E-86C1-8099-60C1-3F077B6936FB}.Release|Any CPU.Build.0 = Release|Any CPU
		{7BBD4761-24D2-3C1C-91D1-5A056474854A}.Debug|Any CPU.ActiveCfg = Debug|Any CPU
		{7BBD4761-24D2-3C1C-91D1-5A056474854A}.Debug|Any CPU.Build.0 = Debug|Any CPU
		{7BBD4761-24D2-3C1C-91D1-5A056474854A}.Release|Any CPU.ActiveCfg = Release|Any CPU
		{7BBD4761-24D2-3C1C-91D1-5A056474854A}.Release|Any CPU.Build.0 = Release|Any CPU
		{35E3EE6A-111D-FFF3-1F10-35B7629A7121}.Debug|Any CPU.ActiveCfg = Debug|Any CPU
		{35E3EE6A-111D-FFF3-1F10-35B7629A7121}.Debug|Any CPU.Build.0 = Debug|Any CPU
		{35E3EE6A-111D-FFF3-1F10-35B7629A7121}.Release|Any CPU.ActiveCfg = Release|Any CPU
		{35E3EE6A-111D-FFF3-1F10-35B7629A7121}.Release|Any CPU.Build.0 = Release|Any CPU
		{C98327DA-F303-D33F-EA92-A405095478CB}.Debug|Any CPU.ActiveCfg = Debug|Any CPU
		{C98327DA-F303-D33F-EA92-A405095478CB}.Debug|Any CPU.Build.0 = Debug|Any CPU
		{C98327DA-F303-D33F-EA92-A405095478CB}.Release|Any CPU.ActiveCfg = Release|Any CPU
		{C98327DA-F303-D33F-EA92-A405095478CB}.Release|Any CPU.Build.0 = Release|Any CPU
		{EC00EC56-B6C5-5D03-CA9E-238C957A1F98}.Debug|Any CPU.ActiveCfg = Debug|Any CPU
		{EC00EC56-B6C5-5D03-CA9E-238C957A1F98}.Debug|Any CPU.Build.0 = Debug|Any CPU
		{EC00EC56-B6C5-5D03-CA9E-238C957A1F98}.Release|Any CPU.ActiveCfg = Release|Any CPU
		{EC00EC56-B6C5-5D03-CA9E-238C957A1F98}.Release|Any CPU.Build.0 = Release|Any CPU
		{B227DAA7-9B62-BF36-27EC-A625D358F344}.Debug|Any CPU.ActiveCfg = Debug|Any CPU
		{B227DAA7-9B62-BF36-27EC-A625D358F344}.Debug|Any CPU.Build.0 = Debug|Any CPU
		{B227DAA7-9B62-BF36-27EC-A625D358F344}.Release|Any CPU.ActiveCfg = Release|Any CPU
		{B227DAA7-9B62-BF36-27EC-A625D358F344}.Release|Any CPU.Build.0 = Release|Any CPU
		{6C60EA69-F766-1101-5B06-026158206823}.Debug|Any CPU.ActiveCfg = Debug|Any CPU
		{6C60EA69-F766-1101-5B06-026158206823}.Debug|Any CPU.Build.0 = Debug|Any CPU
		{6C60EA69-F766-1101-5B06-026158206823}.Release|Any CPU.ActiveCfg = Release|Any CPU
		{6C60EA69-F766-1101-5B06-026158206823}.Release|Any CPU.Build.0 = Release|Any CPU
		{82BD13C8-E6D8-351A-050D-7EB4F7A90A6E}.Debug|Any CPU.ActiveCfg = Debug|Any CPU
		{82BD13C8-E6D8-351A-050D-7EB4F7A90A6E}.Debug|Any CPU.Build.0 = Debug|Any CPU
		{82BD13C8-E6D8-351A-050D-7EB4F7A90A6E}.Release|Any CPU.ActiveCfg = Release|Any CPU
		{82BD13C8-E6D8-351A-050D-7EB4F7A90A6E}.Release|Any CPU.Build.0 = Release|Any CPU
		{C3BEC74B-3410-68B3-49A2-994FD5E62B0B}.Debug|Any CPU.ActiveCfg = Debug|Any CPU
		{C3BEC74B-3410-68B3-49A2-994FD5E62B0B}.Debug|Any CPU.Build.0 = Debug|Any CPU
		{C3BEC74B-3410-68B3-49A2-994FD5E62B0B}.Release|Any CPU.ActiveCfg = Release|Any CPU
		{C3BEC74B-3410-68B3-49A2-994FD5E62B0B}.Release|Any CPU.Build.0 = Release|Any CPU
		{834607B3-FA6C-4376-D117-ABB0E6E541B6}.Debug|Any CPU.ActiveCfg = Debug|Any CPU
		{834607B3-FA6C-4376-D117-ABB0E6E541B6}.Debug|Any CPU.Build.0 = Debug|Any CPU
		{834607B3-FA6C-4376-D117-ABB0E6E541B6}.Release|Any CPU.ActiveCfg = Release|Any CPU
		{834607B3-FA6C-4376-D117-ABB0E6E541B6}.Release|Any CPU.Build.0 = Release|Any CPU
		{F3517FBA-49F6-5236-F0FA-269F69E3D317}.Debug|Any CPU.ActiveCfg = Debug|Any CPU
		{F3517FBA-49F6-5236-F0FA-269F69E3D317}.Debug|Any CPU.Build.0 = Debug|Any CPU
		{F3517FBA-49F6-5236-F0FA-269F69E3D317}.Release|Any CPU.ActiveCfg = Release|Any CPU
		{F3517FBA-49F6-5236-F0FA-269F69E3D317}.Release|Any CPU.Build.0 = Release|Any CPU
		{352780E9-A38D-71E7-015C-78B37F73D0C5}.Debug|Any CPU.ActiveCfg = Debug|Any CPU
		{352780E9-A38D-71E7-015C-78B37F73D0C5}.Debug|Any CPU.Build.0 = Debug|Any CPU
		{352780E9-A38D-71E7-015C-78B37F73D0C5}.Release|Any CPU.ActiveCfg = Release|Any CPU
		{352780E9-A38D-71E7-015C-78B37F73D0C5}.Release|Any CPU.Build.0 = Release|Any CPU
		{45272ED1-7A85-4600-525F-568585F87FA3}.Debug|Any CPU.ActiveCfg = Debug|Any CPU
		{45272ED1-7A85-4600-525F-568585F87FA3}.Debug|Any CPU.Build.0 = Debug|Any CPU
		{45272ED1-7A85-4600-525F-568585F87FA3}.Release|Any CPU.ActiveCfg = Release|Any CPU
		{45272ED1-7A85-4600-525F-568585F87FA3}.Release|Any CPU.Build.0 = Release|Any CPU
		{110710CA-210F-B9FA-5937-79A8AB8F73AB}.Debug|Any CPU.ActiveCfg = Debug|Any CPU
		{110710CA-210F-B9FA-5937-79A8AB8F73AB}.Debug|Any CPU.Build.0 = Debug|Any CPU
		{110710CA-210F-B9FA-5937-79A8AB8F73AB}.Release|Any CPU.ActiveCfg = Release|Any CPU
		{110710CA-210F-B9FA-5937-79A8AB8F73AB}.Release|Any CPU.Build.0 = Release|Any CPU
		{5CCA2289-186E-BBBB-6F24-7EE7E9C3E96A}.Debug|Any CPU.ActiveCfg = Debug|Any CPU
		{5CCA2289-186E-BBBB-6F24-7EE7E9C3E96A}.Debug|Any CPU.Build.0 = Debug|Any CPU
		{5CCA2289-186E-BBBB-6F24-7EE7E9C3E96A}.Release|Any CPU.ActiveCfg = Release|Any CPU
		{5CCA2289-186E-BBBB-6F24-7EE7E9C3E96A}.Release|Any CPU.Build.0 = Release|Any CPU
		{075D5515-2E5E-4390-FEC1-0F586D3026CA}.Debug|Any CPU.ActiveCfg = Debug|Any CPU
		{075D5515-2E5E-4390-FEC1-0F586D3026CA}.Debug|Any CPU.Build.0 = Debug|Any CPU
		{075D5515-2E5E-4390-FEC1-0F586D3026CA}.Release|Any CPU.ActiveCfg = Release|Any CPU
		{075D5515-2E5E-4390-FEC1-0F586D3026CA}.Release|Any CPU.Build.0 = Release|Any CPU
		{5E4CEAB5-4716-6735-C723-27144BC0B648}.Debug|Any CPU.ActiveCfg = Debug|Any CPU
		{5E4CEAB5-4716-6735-C723-27144BC0B648}.Debug|Any CPU.Build.0 = Debug|Any CPU
		{5E4CEAB5-4716-6735-C723-27144BC0B648}.Release|Any CPU.ActiveCfg = Release|Any CPU
		{5E4CEAB5-4716-6735-C723-27144BC0B648}.Release|Any CPU.Build.0 = Release|Any CPU
		{3525FFB9-A969-8280-7DA5-0F91BBCBAE72}.Debug|Any CPU.ActiveCfg = Debug|Any CPU
		{3525FFB9-A969-8280-7DA5-0F91BBCBAE72}.Debug|Any CPU.Build.0 = Debug|Any CPU
		{3525FFB9-A969-8280-7DA5-0F91BBCBAE72}.Release|Any CPU.ActiveCfg = Release|Any CPU
		{3525FFB9-A969-8280-7DA5-0F91BBCBAE72}.Release|Any CPU.Build.0 = Release|Any CPU
		{D58EE782-68F0-1B19-FE3D-5C04729E3819}.Debug|Any CPU.ActiveCfg = Debug|Any CPU
		{D58EE782-68F0-1B19-FE3D-5C04729E3819}.Debug|Any CPU.Build.0 = Debug|Any CPU
		{D58EE782-68F0-1B19-FE3D-5C04729E3819}.Release|Any CPU.ActiveCfg = Release|Any CPU
		{D58EE782-68F0-1B19-FE3D-5C04729E3819}.Release|Any CPU.Build.0 = Release|Any CPU
		{D9EFEE51-35C1-7C8B-12E6-B46C270C2C24}.Debug|Any CPU.ActiveCfg = Debug|Any CPU
		{D9EFEE51-35C1-7C8B-12E6-B46C270C2C24}.Debug|Any CPU.Build.0 = Debug|Any CPU
		{D9EFEE51-35C1-7C8B-12E6-B46C270C2C24}.Release|Any CPU.ActiveCfg = Release|Any CPU
		{D9EFEE51-35C1-7C8B-12E6-B46C270C2C24}.Release|Any CPU.Build.0 = Release|Any CPU
		{C9870C12-558A-5857-8DDE-7084B4CEEF33}.Debug|Any CPU.ActiveCfg = Debug|Any CPU
		{C9870C12-558A-5857-8DDE-7084B4CEEF33}.Debug|Any CPU.Build.0 = Debug|Any CPU
		{C9870C12-558A-5857-8DDE-7084B4CEEF33}.Release|Any CPU.ActiveCfg = Release|Any CPU
		{C9870C12-558A-5857-8DDE-7084B4CEEF33}.Release|Any CPU.Build.0 = Release|Any CPU
		{B8626309-B67D-8DF7-AFEB-7BA3A55313EC}.Debug|Any CPU.ActiveCfg = Debug|Any CPU
		{B8626309-B67D-8DF7-AFEB-7BA3A55313EC}.Debug|Any CPU.Build.0 = Debug|Any CPU
		{B8626309-B67D-8DF7-AFEB-7BA3A55313EC}.Release|Any CPU.ActiveCfg = Release|Any CPU
		{B8626309-B67D-8DF7-AFEB-7BA3A55313EC}.Release|Any CPU.Build.0 = Release|Any CPU
		{FE911A5F-BF0A-2DC5-AB01-01B5E970394F}.Debug|Any CPU.ActiveCfg = Debug|Any CPU
		{FE911A5F-BF0A-2DC5-AB01-01B5E970394F}.Debug|Any CPU.Build.0 = Debug|Any CPU
		{FE911A5F-BF0A-2DC5-AB01-01B5E970394F}.Release|Any CPU.ActiveCfg = Release|Any CPU
		{FE911A5F-BF0A-2DC5-AB01-01B5E970394F}.Release|Any CPU.Build.0 = Release|Any CPU
		{EAA83A50-0A1D-5B91-B7B8-070223542726}.Debug|Any CPU.ActiveCfg = Debug|Any CPU
		{EAA83A50-0A1D-5B91-B7B8-070223542726}.Debug|Any CPU.Build.0 = Debug|Any CPU
		{EAA83A50-0A1D-5B91-B7B8-070223542726}.Release|Any CPU.ActiveCfg = Release|Any CPU
		{EAA83A50-0A1D-5B91-B7B8-070223542726}.Release|Any CPU.Build.0 = Release|Any CPU
		{36AF2D7F-2A3B-67FB-FE92-AA1E44CC4BE4}.Debug|Any CPU.ActiveCfg = Debug|Any CPU
		{36AF2D7F-2A3B-67FB-FE92-AA1E44CC4BE4}.Debug|Any CPU.Build.0 = Debug|Any CPU
		{36AF2D7F-2A3B-67FB-FE92-AA1E44CC4BE4}.Release|Any CPU.ActiveCfg = Release|Any CPU
		{36AF2D7F-2A3B-67FB-FE92-AA1E44CC4BE4}.Release|Any CPU.Build.0 = Release|Any CPU
		{60D0C627-1070-5E84-841F-EC057AA41C18}.Debug|Any CPU.ActiveCfg = Debug|Any CPU
		{60D0C627-1070-5E84-841F-EC057AA41C18}.Debug|Any CPU.Build.0 = Debug|Any CPU
		{60D0C627-1070-5E84-841F-EC057AA41C18}.Release|Any CPU.ActiveCfg = Release|Any CPU
		{60D0C627-1070-5E84-841F-EC057AA41C18}.Release|Any CPU.Build.0 = Release|Any CPU
		{9AAB5552-D779-B5F6-43A7-E5E474266BBD}.Debug|Any CPU.ActiveCfg = Debug|Any CPU
		{9AAB5552-D779-B5F6-43A7-E5E474266BBD}.Debug|Any CPU.Build.0 = Debug|Any CPU
		{9AAB5552-D779-B5F6-43A7-E5E474266BBD}.Release|Any CPU.ActiveCfg = Release|Any CPU
		{9AAB5552-D779-B5F6-43A7-E5E474266BBD}.Release|Any CPU.Build.0 = Release|Any CPU
		{46BB9926-E6BF-7DCD-AFB7-518DAC355949}.Debug|Any CPU.ActiveCfg = Debug|Any CPU
		{46BB9926-E6BF-7DCD-AFB7-518DAC355949}.Debug|Any CPU.Build.0 = Debug|Any CPU
		{46BB9926-E6BF-7DCD-AFB7-518DAC355949}.Release|Any CPU.ActiveCfg = Release|Any CPU
		{46BB9926-E6BF-7DCD-AFB7-518DAC355949}.Release|Any CPU.Build.0 = Release|Any CPU
		{B75FF013-C918-D04F-5955-C18C54467E9D}.Debug|Any CPU.ActiveCfg = Debug|Any CPU
		{B75FF013-C918-D04F-5955-C18C54467E9D}.Debug|Any CPU.Build.0 = Debug|Any CPU
		{B75FF013-C918-D04F-5955-C18C54467E9D}.Release|Any CPU.ActiveCfg = Release|Any CPU
		{B75FF013-C918-D04F-5955-C18C54467E9D}.Release|Any CPU.Build.0 = Release|Any CPU
		{25EB5336-E936-8373-8033-58B45A489F94}.Debug|Any CPU.ActiveCfg = Debug|Any CPU
		{25EB5336-E936-8373-8033-58B45A489F94}.Debug|Any CPU.Build.0 = Debug|Any CPU
		{25EB5336-E936-8373-8033-58B45A489F94}.Release|Any CPU.ActiveCfg = Release|Any CPU
		{25EB5336-E936-8373-8033-58B45A489F94}.Release|Any CPU.Build.0 = Release|Any CPU
		{36B6F618-913D-2B9D-6EA4-06640713404F}.Debug|Any CPU.ActiveCfg = Debug|Any CPU
		{36B6F618-913D-2B9D-6EA4-06640713404F}.Debug|Any CPU.Build.0 = Debug|Any CPU
		{36B6F618-913D-2B9D-6EA4-06640713404F}.Release|Any CPU.ActiveCfg = Release|Any CPU
		{36B6F618-913D-2B9D-6EA4-06640713404F}.Release|Any CPU.Build.0 = Release|Any CPU
		{17EB692D-DA3E-2050-B78A-6610FEFF6A70}.Debug|Any CPU.ActiveCfg = Debug|Any CPU
		{17EB692D-DA3E-2050-B78A-6610FEFF6A70}.Debug|Any CPU.Build.0 = Debug|Any CPU
		{17EB692D-DA3E-2050-B78A-6610FEFF6A70}.Release|Any CPU.ActiveCfg = Release|Any CPU
		{17EB692D-DA3E-2050-B78A-6610FEFF6A70}.Release|Any CPU.Build.0 = Release|Any CPU
		{16D5F433-BA7D-5443-0C56-04057C446960}.Debug|Any CPU.ActiveCfg = Debug|Any CPU
		{16D5F433-BA7D-5443-0C56-04057C446960}.Debug|Any CPU.Build.0 = Debug|Any CPU
		{16D5F433-BA7D-5443-0C56-04057C446960}.Release|Any CPU.ActiveCfg = Release|Any CPU
		{16D5F433-BA7D-5443-0C56-04057C446960}.Release|Any CPU.Build.0 = Release|Any CPU
		{C7F28343-4941-722A-2041-BB184FB33FFE}.Debug|Any CPU.ActiveCfg = Debug|Any CPU
		{C7F28343-4941-722A-2041-BB184FB33FFE}.Debug|Any CPU.Build.0 = Debug|Any CPU
		{C7F28343-4941-722A-2041-BB184FB33FFE}.Release|Any CPU.ActiveCfg = Release|Any CPU
		{C7F28343-4941-722A-2041-BB184FB33FFE}.Release|Any CPU.Build.0 = Release|Any CPU
		{4F70FE3A-16CE-CC75-4487-46AC03280A7D}.Debug|Any CPU.ActiveCfg = Debug|Any CPU
		{4F70FE3A-16CE-CC75-4487-46AC03280A7D}.Debug|Any CPU.Build.0 = Debug|Any CPU
		{4F70FE3A-16CE-CC75-4487-46AC03280A7D}.Release|Any CPU.ActiveCfg = Release|Any CPU
		{4F70FE3A-16CE-CC75-4487-46AC03280A7D}.Release|Any CPU.Build.0 = Release|Any CPU
		{2E6D8F9A-9BEC-8011-4D69-5F021D849A6F}.Debug|Any CPU.ActiveCfg = Debug|Any CPU
		{2E6D8F9A-9BEC-8011-4D69-5F021D849A6F}.Debug|Any CPU.Build.0 = Debug|Any CPU
		{2E6D8F9A-9BEC-8011-4D69-5F021D849A6F}.Release|Any CPU.ActiveCfg = Release|Any CPU
		{2E6D8F9A-9BEC-8011-4D69-5F021D849A6F}.Release|Any CPU.Build.0 = Release|Any CPU
		{2B82CA30-AE36-0D9E-BA0B-5BA7A79D9711}.Debug|Any CPU.ActiveCfg = Debug|Any CPU
		{2B82CA30-AE36-0D9E-BA0B-5BA7A79D9711}.Debug|Any CPU.Build.0 = Debug|Any CPU
		{2B82CA30-AE36-0D9E-BA0B-5BA7A79D9711}.Release|Any CPU.ActiveCfg = Release|Any CPU
		{2B82CA30-AE36-0D9E-BA0B-5BA7A79D9711}.Release|Any CPU.Build.0 = Release|Any CPU
	EndGlobalSection
	GlobalSection(SolutionProperties) = preSolution
		HideSolutionNode = FALSE
	EndGlobalSection
EndGlobal
